
Microsoft Visual Studio Solution File, Format Version 12.00
# Visual Studio Version 16
VisualStudioVersion = 16.0.32228.343
MinimumVisualStudioVersion = 10.0.40219.1
Project("{FAE04EC0-301F-11D3-BF4B-00C04F79EFBC}") = "MonitoringService", "MonitoringService\MonitoringService.csproj", "{64A0B86C-7FEE-4425-B920-A7F5F9034C64}"
EndProject
Project("{FAE04EC0-301F-11D3-BF4B-00C04F79EFBC}") = "MonitoringTray", "MonitoringTray\MonitoringTray.csproj", "{FA52FC1E-BE79-42E5-BD87-D59218EA2C73}"
EndProject
Project("{54435603-DBB4-11D2-8724-00A0C9A8B90C}") = "MonitoringSetup", "MonitoringSetup\MonitoringSetup.vdproj", "{C78EC948-ABC3-46DC-A143-F02889E803AF}"
EndProject
Project("{FAE04EC0-301F-11D3-BF4B-00C04F79EFBC}") = "PurgingService", "PurgingService\PurgingService.csproj", "{4A663E00-0E27-4549-9343-0A3975E02516}"
EndProject
Project("{FAE04EC0-301F-11D3-BF4B-00C04F79EFBC}") = "NotificationService", "NotificationService\NotificationService.csproj", "{6EB46281-84B2-48BA-ADC5-92C9683A97B8}"
EndProject
Project("{FAE04EC0-301F-11D3-BF4B-00C04F79EFBC}") = "ReportingService", "ReportingService\ReportingService.csproj", "{FA07033F-FF81-4E20-9C75-140F67C361DB}"
EndProject
Project("{FAE04EC0-301F-11D3-BF4B-00C04F79EFBC}") = "MonitoringWebApp", "MonitoringWebApp\MonitoringWebApp.csproj", "{99657F73-CC06-48F6-8A62-CD5C44348F99}"
EndProject
Project("{FAE04EC0-301F-11D3-BF4B-00C04F79EFBC}") = "MonitoringLibrary", "MonitoringLibrary\MonitoringLibrary.csproj", "{48C99DAD-95C3-4395-A373-FA35AEF4DE2D}"
EndProject
Project("{FAE04EC0-301F-11D3-BF4B-00C04F79EFBC}") = "Monitoring.Common", "Monitoring.Common\Monitoring.Common.csproj", "{9B5A62B1-BB18-4AB0-9166-3A4E91703394}"
EndProject
Project("{FAE04EC0-301F-11D3-BF4B-00C04F79EFBC}") = "Monitoring.Test", "Monitoring.Test\Monitoring.Test.csproj", "{9E0C5DBA-64DB-4BFF-81AA-79F105300F96}"
EndProject
Project("{2150E333-8FDC-42A3-9474-1A3956D46DE8}") = "Solution Items", "Solution Items", "{2767E705-020D-4828-9DF5-D4F6DA56D420}"
	ProjectSection(SolutionItems) = preProject
		.editorconfig = .editorconfig
	EndProjectSection
EndProject
Project("{FAE04EC0-301F-11D3-BF4B-00C04F79EFBC}") = "MonitoringWebService", "MonitoringWebService\MonitoringWebService.csproj", "{348D00DA-9297-473B-B256-44F672E6A0B7}"
EndProject
Project("{FAE04EC0-301F-11D3-BF4B-00C04F79EFBC}") = "TestApp", "TestApp\TestApp.csproj", "{759FDFB6-B7FE-4109-B891-F32A755D3079}"
EndProject
Project("{FAE04EC0-301F-11D3-BF4B-00C04F79EFBC}") = "MonitoringSetupHelper", "MonitoringSetupHelper\MonitoringSetupHelper.csproj", "{28ADA7F4-6F16-46FF-ABDD-B9E3A46EE6E9}"
EndProject
Project("{FAE04EC0-301F-11D3-BF4B-00C04F79EFBC}") = "Monitoring.DataAccess", "Monitoring.DataAccess\Monitoring.DataAccess.csproj", "{4FC7DCCF-233D-4263-AC44-ED78B4EF8F2B}"
EndProject
Project("{FAE04EC0-301F-11D3-BF4B-00C04F79EFBC}") = "Monitoring.PingLibrary", "Monitoring.PingLibrary\Monitoring.PingLibrary.csproj", "{45062771-279D-4654-80B6-0A51FD9F6349}"
EndProject
Project("{54435603-DBB4-11D2-8724-00A0C9A8B90C}") = "OtherDeviceMonitoringServiceSetup", "OtherDeviceMonitoringServiceSetup\OtherDeviceMonitoringServiceSetup.vdproj", "{4C116CCD-639B-4432-B92E-B74549DBD272}"
EndProject
Project("{FAE04EC0-301F-11D3-BF4B-00C04F79EFBC}") = "Monitoring.OtherDeviceService", "Monitoring.OtherDeviceService\Monitoring.OtherDeviceService.csproj", "{F8C757B1-E6F8-4A74-BD83-C0248AE35E02}"
EndProject
Project("{FAE04EC0-301F-11D3-BF4B-00C04F79EFBC}") = "Monitoring.AccessPointService", "Monitoring.AccessPointService\Monitoring.AccessPointService.csproj", "{17DD9575-E2E3-4916-A002-D68A68AF42DC}"
EndProject
Project("{FAE04EC0-301F-11D3-BF4B-00C04F79EFBC}") = "Monitoring.CctvCameraService", "Monitoring.CcTvService\Monitoring.CctvCameraService.csproj", "{21CE3707-CDBA-41ED-8474-5A553FF3659E}"
EndProject
Project("{FAE04EC0-301F-11D3-BF4B-00C04F79EFBC}") = "Monitoring.FirewallService", "Monitoring.FirewallService\Monitoring.FirewallService.csproj", "{9284D3AF-54A4-47DF-B9D5-B13045300F99}"
EndProject
Project("{FAE04EC0-301F-11D3-BF4B-00C04F79EFBC}") = "Monitoring.NetworkSwtichService", "Monitoring.NetworkSwitchService\Monitoring.NetworkSwtichService.csproj", "{A218C574-D1C4-4BBC-B028-24F1822694C1}"
EndProject
Project("{FAE04EC0-301F-11D3-BF4B-00C04F79EFBC}") = "Monitoring.PrinterService", "Monitoring.PrinterService\Monitoring.PrinterService.csproj", "{71FECB1D-6584-4822-BED2-45FBF18C4B05}"
EndProject
Project("{2150E333-8FDC-42A3-9474-1A3956D46DE8}") = "Windows Services", "Windows Services", "{4C277341-A562-4EB1-A27E-6D4F9764EC7F}"
EndProject
Project("{2150E333-8FDC-42A3-9474-1A3956D46DE8}") = "Web Service", "Web Service", "{7B90B8EA-4A52-4A49-B310-3C78CD7E8B36}"
EndProject
Project("{2150E333-8FDC-42A3-9474-1A3956D46DE8}") = "Other Services", "Other Services", "{4FABA950-795E-43FE-89EB-6FE73EA4C3AB}"
EndProject
Project("{2150E333-8FDC-42A3-9474-1A3956D46DE8}") = "Setup Projects", "Setup Projects", "{D8E91051-F171-4027-8F0F-BFD4F322B8DD}"
EndProject
Project("{2150E333-8FDC-42A3-9474-1A3956D46DE8}") = "Web App", "Web App", "{BB468398-BB94-4A20-9018-E51BBD4B0FA4}"
EndProject
Project("{2150E333-8FDC-42A3-9474-1A3956D46DE8}") = "Common Projects", "Common Projects", "{05EB4FF9-0A60-41E0-8955-B686D6EEF15D}"
EndProject
Project("{2150E333-8FDC-42A3-9474-1A3956D46DE8}") = "Windows Apps", "Windows Apps", "{742061BB-D602-4D73-BBB1-20BDFAC63F3F}"
EndProject
Global
	GlobalSection(SolutionConfigurationPlatforms) = preSolution
		Debug|Any CPU = Debug|Any CPU
		Release|Any CPU = Release|Any CPU
	EndGlobalSection
	GlobalSection(ProjectConfigurationPlatforms) = postSolution
		{64A0B86C-7FEE-4425-B920-A7F5F9034C64}.Debug|Any CPU.ActiveCfg = Debug|Any CPU
		{64A0B86C-7FEE-4425-B920-A7F5F9034C64}.Debug|Any CPU.Build.0 = Debug|Any CPU
		{64A0B86C-7FEE-4425-B920-A7F5F9034C64}.Release|Any CPU.ActiveCfg = Release|Any CPU
		{64A0B86C-7FEE-4425-B920-A7F5F9034C64}.Release|Any CPU.Build.0 = Release|Any CPU
		{FA52FC1E-BE79-42E5-BD87-D59218EA2C73}.Debug|Any CPU.ActiveCfg = Debug|Any CPU
		{FA52FC1E-BE79-42E5-BD87-D59218EA2C73}.Debug|Any CPU.Build.0 = Debug|Any CPU
		{FA52FC1E-BE79-42E5-BD87-D59218EA2C73}.Release|Any CPU.ActiveCfg = Release|Any CPU
		{FA52FC1E-BE79-42E5-BD87-D59218EA2C73}.Release|Any CPU.Build.0 = Release|Any CPU
		{C78EC948-ABC3-46DC-A143-F02889E803AF}.Debug|Any CPU.ActiveCfg = Debug
		{C78EC948-ABC3-46DC-A143-F02889E803AF}.Release|Any CPU.ActiveCfg = Release
		{4A663E00-0E27-4549-9343-0A3975E02516}.Debug|Any CPU.ActiveCfg = Debug|Any CPU
		{4A663E00-0E27-4549-9343-0A3975E02516}.Debug|Any CPU.Build.0 = Debug|Any CPU
		{4A663E00-0E27-4549-9343-0A3975E02516}.Release|Any CPU.ActiveCfg = Release|Any CPU
		{4A663E00-0E27-4549-9343-0A3975E02516}.Release|Any CPU.Build.0 = Release|Any CPU
		{6EB46281-84B2-48BA-ADC5-92C9683A97B8}.Debug|Any CPU.ActiveCfg = Debug|Any CPU
		{6EB46281-84B2-48BA-ADC5-92C9683A97B8}.Debug|Any CPU.Build.0 = Debug|Any CPU
		{6EB46281-84B2-48BA-ADC5-92C9683A97B8}.Release|Any CPU.ActiveCfg = Release|Any CPU
		{6EB46281-84B2-48BA-ADC5-92C9683A97B8}.Release|Any CPU.Build.0 = Release|Any CPU
		{FA07033F-FF81-4E20-9C75-140F67C361DB}.Debug|Any CPU.ActiveCfg = Debug|Any CPU
		{FA07033F-FF81-4E20-9C75-140F67C361DB}.Debug|Any CPU.Build.0 = Debug|Any CPU
		{FA07033F-FF81-4E20-9C75-140F67C361DB}.Release|Any CPU.ActiveCfg = Release|Any CPU
		{FA07033F-FF81-4E20-9C75-140F67C361DB}.Release|Any CPU.Build.0 = Release|Any CPU
		{99657F73-CC06-48F6-8A62-CD5C44348F99}.Debug|Any CPU.ActiveCfg = Debug|Any CPU
		{99657F73-CC06-48F6-8A62-CD5C44348F99}.Debug|Any CPU.Build.0 = Debug|Any CPU
		{99657F73-CC06-48F6-8A62-CD5C44348F99}.Release|Any CPU.ActiveCfg = Release|Any CPU
		{99657F73-CC06-48F6-8A62-CD5C44348F99}.Release|Any CPU.Build.0 = Release|Any CPU
		{48C99DAD-95C3-4395-A373-FA35AEF4DE2D}.Debug|Any CPU.ActiveCfg = Debug|Any CPU
		{48C99DAD-95C3-4395-A373-FA35AEF4DE2D}.Debug|Any CPU.Build.0 = Debug|Any CPU
		{48C99DAD-95C3-4395-A373-FA35AEF4DE2D}.Release|Any CPU.ActiveCfg = Release|Any CPU
		{48C99DAD-95C3-4395-A373-FA35AEF4DE2D}.Release|Any CPU.Build.0 = Release|Any CPU
		{9B5A62B1-BB18-4AB0-9166-3A4E91703394}.Debug|Any CPU.ActiveCfg = Debug|Any CPU
		{9B5A62B1-BB18-4AB0-9166-3A4E91703394}.Debug|Any CPU.Build.0 = Debug|Any CPU
		{9B5A62B1-BB18-4AB0-9166-3A4E91703394}.Release|Any CPU.ActiveCfg = Release|Any CPU
		{9B5A62B1-BB18-4AB0-9166-3A4E91703394}.Release|Any CPU.Build.0 = Release|Any CPU
		{9E0C5DBA-64DB-4BFF-81AA-79F105300F96}.Debug|Any CPU.ActiveCfg = Debug|Any CPU
		{9E0C5DBA-64DB-4BFF-81AA-79F105300F96}.Debug|Any CPU.Build.0 = Debug|Any CPU
		{9E0C5DBA-64DB-4BFF-81AA-79F105300F96}.Release|Any CPU.ActiveCfg = Release|Any CPU
		{9E0C5DBA-64DB-4BFF-81AA-79F105300F96}.Release|Any CPU.Build.0 = Release|Any CPU
		{348D00DA-9297-473B-B256-44F672E6A0B7}.Debug|Any CPU.ActiveCfg = Debug|Any CPU
		{348D00DA-9297-473B-B256-44F672E6A0B7}.Debug|Any CPU.Build.0 = Debug|Any CPU
		{348D00DA-9297-473B-B256-44F672E6A0B7}.Release|Any CPU.ActiveCfg = Release|Any CPU
		{348D00DA-9297-473B-B256-44F672E6A0B7}.Release|Any CPU.Build.0 = Release|Any CPU
		{759FDFB6-B7FE-4109-B891-F32A755D3079}.Debug|Any CPU.ActiveCfg = Debug|Any CPU
		{759FDFB6-B7FE-4109-B891-F32A755D3079}.Debug|Any CPU.Build.0 = Debug|Any CPU
		{759FDFB6-B7FE-4109-B891-F32A755D3079}.Release|Any CPU.ActiveCfg = Release|Any CPU
		{759FDFB6-B7FE-4109-B891-F32A755D3079}.Release|Any CPU.Build.0 = Release|Any CPU
		{28ADA7F4-6F16-46FF-ABDD-B9E3A46EE6E9}.Debug|Any CPU.ActiveCfg = Debug|Any CPU
		{28ADA7F4-6F16-46FF-ABDD-B9E3A46EE6E9}.Debug|Any CPU.Build.0 = Debug|Any CPU
		{28ADA7F4-6F16-46FF-ABDD-B9E3A46EE6E9}.Release|Any CPU.ActiveCfg = Release|Any CPU
		{28ADA7F4-6F16-46FF-ABDD-B9E3A46EE6E9}.Release|Any CPU.Build.0 = Release|Any CPU
		{4FC7DCCF-233D-4263-AC44-ED78B4EF8F2B}.Debug|Any CPU.ActiveCfg = Debug|Any CPU
		{4FC7DCCF-233D-4263-AC44-ED78B4EF8F2B}.Debug|Any CPU.Build.0 = Debug|Any CPU
		{4FC7DCCF-233D-4263-AC44-ED78B4EF8F2B}.Release|Any CPU.ActiveCfg = Release|Any CPU
		{4FC7DCCF-233D-4263-AC44-ED78B4EF8F2B}.Release|Any CPU.Build.0 = Release|Any CPU
		{45062771-279D-4654-80B6-0A51FD9F6349}.Debug|Any CPU.ActiveCfg = Debug|Any CPU
		{45062771-279D-4654-80B6-0A51FD9F6349}.Debug|Any CPU.Build.0 = Debug|Any CPU
		{45062771-279D-4654-80B6-0A51FD9F6349}.Release|Any CPU.ActiveCfg = Release|Any CPU
		{45062771-279D-4654-80B6-0A51FD9F6349}.Release|Any CPU.Build.0 = Release|Any CPU
		{4C116CCD-639B-4432-B92E-B74549DBD272}.Debug|Any CPU.ActiveCfg = Debug
		{4C116CCD-639B-4432-B92E-B74549DBD272}.Release|Any CPU.ActiveCfg = Release
		{F8C757B1-E6F8-4A74-BD83-C0248AE35E02}.Debug|Any CPU.ActiveCfg = Debug|Any CPU
		{F8C757B1-E6F8-4A74-BD83-C0248AE35E02}.Debug|Any CPU.Build.0 = Debug|Any CPU
		{F8C757B1-E6F8-4A74-BD83-C0248AE35E02}.Release|Any CPU.ActiveCfg = Release|Any CPU
		{F8C757B1-E6F8-4A74-BD83-C0248AE35E02}.Release|Any CPU.Build.0 = Release|Any CPU
		{17DD9575-E2E3-4916-A002-D68A68AF42DC}.Debug|Any CPU.ActiveCfg = Debug|Any CPU
		{17DD9575-E2E3-4916-A002-D68A68AF42DC}.Debug|Any CPU.Build.0 = Debug|Any CPU
		{17DD9575-E2E3-4916-A002-D68A68AF42DC}.Release|Any CPU.ActiveCfg = Release|Any CPU
		{17DD9575-E2E3-4916-A002-D68A68AF42DC}.Release|Any CPU.Build.0 = Release|Any CPU
		{21CE3707-CDBA-41ED-8474-5A553FF3659E}.Debug|Any CPU.ActiveCfg = Debug|Any CPU
		{21CE3707-CDBA-41ED-8474-5A553FF3659E}.Debug|Any CPU.Build.0 = Debug|Any CPU
		{21CE3707-CDBA-41ED-8474-5A553FF3659E}.Release|Any CPU.ActiveCfg = Release|Any CPU
		{21CE3707-CDBA-41ED-8474-5A553FF3659E}.Release|Any CPU.Build.0 = Release|Any CPU
		{9284D3AF-54A4-47DF-B9D5-B13045300F99}.Debug|Any CPU.ActiveCfg = Debug|Any CPU
		{9284D3AF-54A4-47DF-B9D5-B13045300F99}.Debug|Any CPU.Build.0 = Debug|Any CPU
		{9284D3AF-54A4-47DF-B9D5-B13045300F99}.Release|Any CPU.ActiveCfg = Release|Any CPU
		{9284D3AF-54A4-47DF-B9D5-B13045300F99}.Release|Any CPU.Build.0 = Release|Any CPU
		{A218C574-D1C4-4BBC-B028-24F1822694C1}.Debug|Any CPU.ActiveCfg = Debug|Any CPU
		{A218C574-D1C4-4BBC-B028-24F1822694C1}.Debug|Any CPU.Build.0 = Debug|Any CPU
		{A218C574-D1C4-4BBC-B028-24F1822694C1}.Release|Any CPU.ActiveCfg = Release|Any CPU
		{A218C574-D1C4-4BBC-B028-24F1822694C1}.Release|Any CPU.Build.0 = Release|Any CPU
		{71FECB1D-6584-4822-BED2-45FBF18C4B05}.Debug|Any CPU.ActiveCfg = Debug|Any CPU
		{71FECB1D-6584-4822-BED2-45FBF18C4B05}.Debug|Any CPU.Build.0 = Debug|Any CPU
		{71FECB1D-6584-4822-BED2-45FBF18C4B05}.Release|Any CPU.ActiveCfg = Release|Any CPU
		{71FECB1D-6584-4822-BED2-45FBF18C4B05}.Release|Any CPU.Build.0 = Release|Any CPU
	EndGlobalSection
	GlobalSection(SolutionProperties) = preSolution
		HideSolutionNode = FALSE
	EndGlobalSection
	GlobalSection(NestedProjects) = preSolution
		{64A0B86C-7FEE-4425-B920-A7F5F9034C64} = {4C277341-A562-4EB1-A27E-6D4F9764EC7F}
		{FA52FC1E-BE79-42E5-BD87-D59218EA2C73} = {742061BB-D602-4D73-BBB1-20BDFAC63F3F}
		{C78EC948-ABC3-46DC-A143-F02889E803AF} = {D8E91051-F171-4027-8F0F-BFD4F322B8DD}
		{4A663E00-0E27-4549-9343-0A3975E02516} = {4FABA950-795E-43FE-89EB-6FE73EA4C3AB}
		{6EB46281-84B2-48BA-ADC5-92C9683A97B8} = {4FABA950-795E-43FE-89EB-6FE73EA4C3AB}
		{FA07033F-FF81-4E20-9C75-140F67C361DB} = {4FABA950-795E-43FE-89EB-6FE73EA4C3AB}
		{99657F73-CC06-48F6-8A62-CD5C44348F99} = {BB468398-BB94-4A20-9018-E51BBD4B0FA4}
		{48C99DAD-95C3-4395-A373-FA35AEF4DE2D} = {05EB4FF9-0A60-41E0-8955-B686D6EEF15D}
		{9B5A62B1-BB18-4AB0-9166-3A4E91703394} = {05EB4FF9-0A60-41E0-8955-B686D6EEF15D}
		{9E0C5DBA-64DB-4BFF-81AA-79F105300F96} = {05EB4FF9-0A60-41E0-8955-B686D6EEF15D}
		{348D00DA-9297-473B-B256-44F672E6A0B7} = {7B90B8EA-4A52-4A49-B310-3C78CD7E8B36}
		{759FDFB6-B7FE-4109-B891-F32A755D3079} = {05EB4FF9-0A60-41E0-8955-B686D6EEF15D}
		{28ADA7F4-6F16-46FF-ABDD-B9E3A46EE6E9} = {D8E91051-F171-4027-8F0F-BFD4F322B8DD}
		{4FC7DCCF-233D-4263-AC44-ED78B4EF8F2B} = {05EB4FF9-0A60-41E0-8955-B686D6EEF15D}
		{45062771-279D-4654-80B6-0A51FD9F6349} = {05EB4FF9-0A60-41E0-8955-B686D6EEF15D}
		{4C116CCD-639B-4432-B92E-B74549DBD272} = {D8E91051-F171-4027-8F0F-BFD4F322B8DD}
		{F8C757B1-E6F8-4A74-BD83-C0248AE35E02} = {4C277341-A562-4EB1-A27E-6D4F9764EC7F}
		{17DD9575-E2E3-4916-A002-D68A68AF42DC} = {4C277341-A562-4EB1-A27E-6D4F9764EC7F}
		{21CE3707-CDBA-41ED-8474-5A553FF3659E} = {4C277341-A562-4EB1-A27E-6D4F9764EC7F}
		{9284D3AF-54A4-47DF-B9D5-B13045300F99} = {4C277341-A562-4EB1-A27E-6D4F9764EC7F}
		{A218C574-D1C4-4BBC-B028-24F1822694C1} = {4C277341-A562-4EB1-A27E-6D4F9764EC7F}
		{71FECB1D-6584-4822-BED2-45FBF18C4B05} = {4C277341-A562-4EB1-A27E-6D4F9764EC7F}
	EndGlobalSection
	GlobalSection(ExtensibilityGlobals) = postSolution
		SolutionGuid = {05C8583B-B942-453D-861A-061E6C15FC39}
	EndGlobalSection
EndGlobal
